{"1.1.0",
[{<<"antidote_crdt">>,
  {git,"https://github.com/pedromslopes/antidote_crdt",
       {ref,"441fd9e3fe52e5bf183b8b289e4c9c08484dd133"}},
  0},
 {<<"antidote_pb">>,
  {git,"https://github.com/pedromslopes/antidote_pb.git",
       {ref,"61ad841d538dbc8a8d508529e28b54c62402bc0d"}},
  0},
 {<<"elli">>,{pkg,<<"elli">>,<<"3.0.0">>},0},
 {<<"goldrush">>,
  {git,"git://github.com/DeadZen/goldrush.git",
       {ref,"212299233c7e7eb63a97be2777e1c05ebaa58dbe"}},
  2},
 {<<"jsx">>,{pkg,<<"jsx">>,<<"2.9.0">>},0},
 {<<"lager">>,
  {git,"https://github.com/basho/lager",
       {ref,"8187757388c9adc915379caaab36a2f2ca26e944"}},
  1},
 {<<"meck">>,
  {git,"https://github.com/basho/meck.git",
       {ref,"dde759050eff19a1a80fd854d7375174b191665d"}},
  3},
 {<<"protobuffs">>,
  {git,"git://github.com/basho/erlang_protobuffs.git",
       {ref,"0dde9d3b37b7bec3a4dfb0e87684dd7039e169ab"}},
  2},
 {<<"riak_dt">>,
  {git,"git://github.com/aletomsic/riak_dt",
       {ref,"86cfe29db5495eaafdb241f168d27a29db90e4cf"}},
  1},
 {<<"riak_pb">>,
  {git,"git://github.com/pedromslopes/riak_pb",
       {ref,"d74a888e89ef8202d2de7bb4cd5cf2c1b9ecfbc5"}},
  1}]}.
[
{pkg_hash,[
 {<<"elli">>, <<"D7CC24CFA886AC6A51D369B2C974392BEC9CD1E1CAA3931194D2BF52B763D82F">>},
 {<<"jsx">>, <<"D2F6E5F069C00266CAD52FB15D87C428579EA4D7D73A33669E12679E203329DD">>}]}
].
