{"1.1.0",
[{<<"antidote_crdt">>,
  {git,"https://github.com/pedromslopes/antidote_crdt",
       {ref,"0ff3f8e004509c2e63d7254907d8e7e67fd1831e"}},
  0},
 {<<"elli">>,{pkg,<<"elli">>,<<"3.0.0">>},0},
 {<<"jsx">>,{pkg,<<"jsx">>,<<"2.9.0">>},0},
 {<<"riak_dt">>,
  {git,"git://github.com/aletomsic/riak_dt",
       {ref,"86cfe29db5495eaafdb241f168d27a29db90e4cf"}},
  1}]}.
[
{pkg_hash,[
 {<<"elli">>, <<"D7CC24CFA886AC6A51D369B2C974392BEC9CD1E1CAA3931194D2BF52B763D82F">>},
 {<<"jsx">>, <<"D2F6E5F069C00266CAD52FB15D87C428579EA4D7D73A33669E12679E203329DD">>}]}
].
